
Microsoft Visual Studio Solution File, Format Version 12.00
# Visual Studio Version 16
VisualStudioVersion = 16.0.31105.61
MinimumVisualStudioVersion = 10.0.40219.1
Project("{FAE04EC0-301F-11D3-BF4B-00C04F79EFBC}") = "Chana Online", "Chana Online\Chana Online.csproj", "{C6B83D39-B813-430E-AE2E-A067D4425AF3}"
EndProject
Global
	GlobalSection(SolutionConfigurationPlatforms) = preSolution
		Debug|Any CPU = Debug|Any CPU
		Release|Any CPU = Release|Any CPU
	EndGlobalSection
	GlobalSection(ProjectConfigurationPlatforms) = postSolution
		{C6B83D39-B813-430E-AE2E-A067D4425AF3}.Debug|Any CPU.ActiveCfg = Debug|Any CPU
		{C6B83D39-B813-430E-AE2E-A067D4425AF3}.Debug|Any CPU.Build.0 = Debug|Any CPU
		{C6B83D39-B813-430E-AE2E-A067D4425AF3}.Release|Any CPU.ActiveCfg = Release|Any CPU
		{C6B83D39-B813-430E-AE2E-A067D4425AF3}.Release|Any CPU.Build.0 = Release|Any CPU
	EndGlobalSection
	GlobalSection(SolutionProperties) = preSolution
		HideSolutionNode = FALSE
	EndGlobalSection
	GlobalSection(ExtensibilityGlobals) = postSolution
		SolutionGuid = {D0B23C1E-4A36-447F-9DEA-A5883E31A1A2}
	EndGlobalSection
EndGlobal
